
Microsoft Visual Studio Solution File, Format Version 12.00
# Visual Studio Version 17
VisualStudioVersion = 17.8.34601.278
MinimumVisualStudioVersion = 10.0.40219.1
Project("{FAE04EC0-301F-11D3-BF4B-00C04F79EFBC}") = "PathPilot", "PathPilot\PathPilot.csproj", "{533417A3-1C06-4613-A3D6-BA5655F31736}"
EndProject
Global
	GlobalSection(SolutionConfigurationPlatforms) = preSolution
		Debug|Any CPU = Debug|Any CPU
		Release|Any CPU = Release|Any CPU
	EndGlobalSection
	GlobalSection(ProjectConfigurationPlatforms) = postSolution
		{533417A3-1C06-4613-A3D6-BA5655F31736}.Debug|Any CPU.ActiveCfg = Debug|Any CPU
		{533417A3-1C06-4613-A3D6-BA5655F31736}.Debug|Any CPU.Build.0 = Debug|Any CPU
		{533417A3-1C06-4613-A3D6-BA5655F31736}.Release|Any CPU.ActiveCfg = Release|Any CPU
		{533417A3-1C06-4613-A3D6-BA5655F31736}.Release|Any CPU.Build.0 = Release|Any CPU
	EndGlobalSection
	GlobalSection(SolutionProperties) = preSolution
		HideSolutionNode = FALSE
	EndGlobalSection
	GlobalSection(ExtensibilityGlobals) = postSolution
		SolutionGuid = {74493592-CD02-4628-8FDC-A005890BC708}
	EndGlobalSection
EndGlobal
